
Microsoft Visual Studio Solution File, Format Version 12.00
# Visual Studio 14
VisualStudioVersion = 14.0.23107.0
MinimumVisualStudioVersion = 10.0.40219.1
Project("{FAE04EC0-301F-11D3-BF4B-00C04F79EFBC}") = "systray_app", "systray_app\systray_app.csproj", "{E6FE2D17-619E-4ADE-8750-D32285BC2BDF}"
EndProject
Global
	GlobalSection(SolutionConfigurationPlatforms) = preSolution
		Debug|Any CPU = Debug|Any CPU
		Release|Any CPU = Release|Any CPU
	EndGlobalSection
	GlobalSection(ProjectConfigurationPlatforms) = postSolution
		{E6FE2D17-619E-4ADE-8750-D32285BC2BDF}.Debug|Any CPU.ActiveCfg = Debug|Any CPU
		{E6FE2D17-619E-4ADE-8750-D32285BC2BDF}.Debug|Any CPU.Build.0 = Debug|Any CPU
		{E6FE2D17-619E-4ADE-8750-D32285BC2BDF}.Release|Any CPU.ActiveCfg = Release|Any CPU
		{E6FE2D17-619E-4ADE-8750-D32285BC2BDF}.Release|Any CPU.Build.0 = Release|Any CPU
	EndGlobalSection
	GlobalSection(SolutionProperties) = preSolution
		HideSolutionNode = FALSE
	EndGlobalSection
EndGlobal
